name: disassociate-app-block-builder-app-block
description: Disassociates a specified app block builder from a specified app block.
flags:
    --app-block-arn=!: The ARN of the app block.
    --app-block-builder-name=!: The name of the app block builder.
documentation:
    command: Disassociates a specified app block builder from a specified app block.
    flag:
        app-block-arn: The ARN of the app block.
        app-block-builder-name: The name of the app block builder.
