name: get-block
description: Returns a block object at a specified address in a journal.
flags:
    --block-address=!: The location of the block that you want to request.
    --cli-input-json=: Read arguments from the JSON string provided.
    --cli-input-yaml=: Read arguments from the YAML string provided.
    --digest-tip-address=: The latest block location covered by the digest for which to request a proof.
    --generate-cli-skeleton: Prints a JSON skeleton to standard output without sending an API request.
    --name=!: The name of the ledger.
documentation:
    command: |-
        Returns a block object at a specified address in a journal. Also returns a proof of the specified block for verification if `DigestTipAddress` is provided.

        For information about the data contents in a block, see [Journal contents](https://docs.aws.amazon.com/qldb/latest/developerguide/journal-contents.html) in the *Amazon QLDB Developer Guide*.

        If the specified ledger doesn't exist or is in `DELETING` status, then throws `ResourceNotFoundException`.

        If the specified ledger is in `CREATING` status, then throws `ResourcePreconditionNotMetException`.

        If no block exists with the specified address, then throws `InvalidParameterException`.
    flag:
        block-address: |-
            The location of the block that you want to request. An address is an Amazon Ion structure that has two fields: `strandId` and `sequenceNo`.

            For example: `{strandId:"BlFTjlSXze9BIh1KOszcE3",sequenceNo:14}`.
        cli-input-json: |-
            Reads arguments from the JSON string provided.
            The JSON string follows the  format  provided  by --generate-cli-skeleton.
            If other arguments are provided on the command line,  those  values  will override the JSON-provided values.
            It is not possible to pass arbitrary binary values using a JSON-provided value as the string will be taken literally.
            This may  not  be  specified  along with --cli-input-yaml.
        cli-input-yaml: |-
            Reads arguments from the JSON string provided.
            The JSON string follows the  format  provided  by --generate-cli-skeleton.
            If other arguments are provided on the command line,  those  values  will override the JSON-provided values.
            It is not possible to pass arbitrary binary values using a JSON-provided value as the string will be taken literally.
            This may  not  be  specified  along with --cli-input-yaml.
        digest-tip-address: |-
            The latest block location covered by the digest for which to request a proof. An address is an Amazon Ion structure that has two fields: `strandId` and `sequenceNo`.

            For example: `{strandId:"BlFTjlSXze9BIh1KOszcE3",sequenceNo:49}`.
        generate-cli-skeleton: |-
            If other arguments are provided on the command line,  those  values  will override the JSON-provided values. It is not possible to pass arbitrary binary values using a JSON-provided value as the string will be taken literally.
            This may  not  be  specified  along with --cli-input-yaml.
        name: The name of the ledger.
