name: create-worker-block
description: The `CreateWorkerBlock` operation allows you to prevent a Worker from working on your HITs.
flags:
    --cli-input-json=: Read arguments from the JSON string provided.
    --cli-input-yaml=: Read arguments from the YAML string provided.
    --generate-cli-skeleton: Prints a JSON skeleton to standard output without sending an API request.
    --reason=!: A message explaining the reason for blocking the Worker.
    --worker-id=!: The ID of the Worker to block.
documentation:
    command: The `CreateWorkerBlock` operation allows you to prevent a Worker from working on your HITs. For example, you can block a Worker who is producing poor quality work. You can block up to 100,000 Workers.
    flag:
        cli-input-json: |-
            Reads arguments from the JSON string provided.
            The JSON string follows the  format  provided  by --generate-cli-skeleton.
            If other arguments are provided on the command line,  those  values  will override the JSON-provided values.
            It is not possible to pass arbitrary binary values using a JSON-provided value as the string will be taken literally.
            This may  not  be  specified  along with --cli-input-yaml.
        cli-input-yaml: |-
            Reads arguments from the JSON string provided.
            The JSON string follows the  format  provided  by --generate-cli-skeleton.
            If other arguments are provided on the command line,  those  values  will override the JSON-provided values.
            It is not possible to pass arbitrary binary values using a JSON-provided value as the string will be taken literally.
            This may  not  be  specified  along with --cli-input-yaml.
        generate-cli-skeleton: |-
            If other arguments are provided on the command line,  those  values  will override the JSON-provided values. It is not possible to pass arbitrary binary values using a JSON-provided value as the string will be taken literally.
            This may  not  be  specified  along with --cli-input-yaml.
        reason: A message explaining the reason for blocking the Worker. This parameter enables you to keep track of your Workers. The Worker does not see this message.
        worker-id: The ID of the Worker to block.
