name: delete-worker-block
description: The `DeleteWorkerBlock` operation allows you to reinstate a blocked Worker to work on your HITs.
flags:
    --cli-input-json=: Read arguments from the JSON string provided.
    --cli-input-yaml=: Read arguments from the YAML string provided.
    --generate-cli-skeleton: Prints a JSON skeleton to standard output without sending an API request.
    --reason=: A message that explains the reason for unblocking the Worker.
    --worker-id=!: The ID of the Worker to unblock.
documentation:
    command: The `DeleteWorkerBlock` operation allows you to reinstate a blocked Worker to work on your HITs. This operation reverses the effects of the CreateWorkerBlock operation. You need the Worker ID to use this operation. If the Worker ID is missing or invalid, this operation fails and returns the message “WorkerId is invalid.” If the specified Worker is not blocked, this operation returns successfully.
    flag:
        cli-input-json: |-
            Reads arguments from the JSON string provided.
            The JSON string follows the  format  provided  by --generate-cli-skeleton.
            If other arguments are provided on the command line,  those  values  will override the JSON-provided values.
            It is not possible to pass arbitrary binary values using a JSON-provided value as the string will be taken literally.
            This may  not  be  specified  along with --cli-input-yaml.
        cli-input-yaml: |-
            Reads arguments from the JSON string provided.
            The JSON string follows the  format  provided  by --generate-cli-skeleton.
            If other arguments are provided on the command line,  those  values  will override the JSON-provided values.
            It is not possible to pass arbitrary binary values using a JSON-provided value as the string will be taken literally.
            This may  not  be  specified  along with --cli-input-yaml.
        generate-cli-skeleton: |-
            If other arguments are provided on the command line,  those  values  will override the JSON-provided values. It is not possible to pass arbitrary binary values using a JSON-provided value as the string will be taken literally.
            This may  not  be  specified  along with --cli-input-yaml.
        reason: A message that explains the reason for unblocking the Worker. The Worker does not see this message.
        worker-id: The ID of the Worker to unblock.
